// !$*UTF8*$!
{
	archiveVersion = 1;
	classes = {
	};
	objectVersion = 46;
	objects = {

/* Begin PBXBuildFile section */
		4B05C5761BE9072E000E0BFF /* main.m in Sources */ = {isa = PBXBuildFile; fileRef = 4B05C5751BE9072E000E0BFF /* main.m */; };
		4B05C5791BE9072E000E0BFF /* AppDelegate.m in Sources */ = {isa = PBXBuildFile; fileRef = 4B05C5781BE9072E000E0BFF /* AppDelegate.m */; };
		4B05C5811BE9072E000E0BFF /* Assets.xcassets in Resources */ = {isa = PBXBuildFile; fileRef = 4B05C5801BE9072E000E0BFF /* Assets.xcassets */; };
		4B05C5841BE9072E000E0BFF /* LaunchScreen.storyboard in Resources */ = {isa = PBXBuildFile; fileRef = 4B05C5821BE9072E000E0BFF /* LaunchScreen.storyboard */; };
		4B05C58F1BE9072E000E0BFF /* GFHupuSportsTests.m in Sources */ = {isa = PBXBuildFile; fileRef = 4B05C58E1BE9072E000E0BFF /* GFHupuSportsTests.m */; };
		4B05C59A1BE9072E000E0BFF /* GFHupuSportsUITests.m in Sources */ = {isa = PBXBuildFile; fileRef = 4B05C5991BE9072E000E0BFF /* GFHupuSportsUITests.m */; };
		4B05C5C01BE90E67000E0BFF /* GFTabBarController.m in Sources */ = {isa = PBXBuildFile; fileRef = 4B05C5BF1BE90E67000E0BFF /* GFTabBarController.m */; };
		4B05C5C31BE91071000E0BFF /* GFNavigationController.m in Sources */ = {isa = PBXBuildFile; fileRef = 4B05C5C21BE91071000E0BFF /* GFNavigationController.m */; };
		4B05C5C61BE910E2000E0BFF /* GFDiscoverViewController.m in Sources */ = {isa = PBXBuildFile; fileRef = 4B05C5C51BE910E2000E0BFF /* GFDiscoverViewController.m */; };
		4B05C5C91BE910F5000E0BFF /* GFBBSViewController.m in Sources */ = {isa = PBXBuildFile; fileRef = 4B05C5C81BE910F5000E0BFF /* GFBBSViewController.m */; };
		4B05C5CC1BE9110E000E0BFF /* GFNewsViewController.m in Sources */ = {isa = PBXBuildFile; fileRef = 4B05C5CB1BE9110E000E0BFF /* GFNewsViewController.m */; };
		4B05C5CF1BE91137000E0BFF /* GFGameViewController.m in Sources */ = {isa = PBXBuildFile; fileRef = 4B05C5CE1BE91137000E0BFF /* GFGameViewController.m */; };
		4B05C5D21BE91193000E0BFF /* GFProfileViewController.m in Sources */ = {isa = PBXBuildFile; fileRef = 4B05C5D11BE91193000E0BFF /* GFProfileViewController.m */; };
		4B05C5D41BE911ED000E0BFF /* Profile.storyboard in Resources */ = {isa = PBXBuildFile; fileRef = 4B05C5D31BE911ED000E0BFF /* Profile.storyboard */; };
		4B05C5D61BE91254000E0BFF /* Discover.storyboard in Resources */ = {isa = PBXBuildFile; fileRef = 4B05C5D51BE91254000E0BFF /* Discover.storyboard */; };
		4B05C5D81BE9128B000E0BFF /* BBS.storyboard in Resources */ = {isa = PBXBuildFile; fileRef = 4B05C5D71BE9128B000E0BFF /* BBS.storyboard */; };
		4B05C5DA1BE91298000E0BFF /* News.storyboard in Resources */ = {isa = PBXBuildFile; fileRef = 4B05C5D91BE91298000E0BFF /* News.storyboard */; };
		4B05C5DC1BE912D3000E0BFF /* Game.storyboard in Resources */ = {isa = PBXBuildFile; fileRef = 4B05C5DB1BE912D3000E0BFF /* Game.storyboard */; };
/* End PBXBuildFile section */

/* Begin PBXContainerItemProxy section */
		4B05C58B1BE9072E000E0BFF /* PBXContainerItemProxy */ = {
			isa = PBXContainerItemProxy;
			containerPortal = 4B05C5691BE9072E000E0BFF /* Project object */;
			proxyType = 1;
			remoteGlobalIDString = 4B05C5701BE9072E000E0BFF;
			remoteInfo = GFHupuSports;
		};
		4B05C5961BE9072E000E0BFF /* PBXContainerItemProxy */ = {
			isa = PBXContainerItemProxy;
			containerPortal = 4B05C5691BE9072E000E0BFF /* Project object */;
			proxyType = 1;
			remoteGlobalIDString = 4B05C5701BE9072E000E0BFF;
			remoteInfo = GFHupuSports;
		};
/* End PBXContainerItemProxy section */

/* Begin PBXFileReference section */
		4B05C5711BE9072E000E0BFF /* GFHupuSports.app */ = {isa = PBXFileReference; explicitFileType = wrapper.application; includeInIndex = 0; path = GFHupuSports.app; sourceTree = BUILT_PRODUCTS_DIR; };
		4B05C5751BE9072E000E0BFF /* main.m */ = {isa = PBXFileReference; lastKnownFileType = sourcecode.c.objc; path = main.m; sourceTree = "<group>"; };
		4B05C5771BE9072E000E0BFF /* AppDelegate.h */ = {isa = PBXFileReference; lastKnownFileType = sourcecode.c.h; path = AppDelegate.h; sourceTree = "<group>"; };
		4B05C5781BE9072E000E0BFF /* AppDelegate.m */ = {isa = PBXFileReference; lastKnownFileType = sourcecode.c.objc; path = AppDelegate.m; sourceTree = "<group>"; };
		4B05C5801BE9072E000E0BFF /* Assets.xcassets */ = {isa = PBXFileReference; lastKnownFileType = folder.assetcatalog; path = Assets.xcassets; sourceTree = "<group>"; };
		4B05C5831BE9072E000E0BFF /* Base */ = {isa = PBXFileReference; lastKnownFileType = file.storyboard; name = Base; path = Base.lproj/LaunchScreen.storyboard; sourceTree = "<group>"; };
		4B05C5851BE9072E000E0BFF /* Info.plist */ = {isa = PBXFileReference; lastKnownFileType = text.plist.xml; path = Info.plist; sourceTree = "<group>"; };
		4B05C58A1BE9072E000E0BFF /* GFHupuSportsTests.xctest */ = {isa = PBXFileReference; explicitFileType = wrapper.cfbundle; includeInIndex = 0; path = GFHupuSportsTests.xctest; sourceTree = BUILT_PRODUCTS_DIR; };
		4B05C58E1BE9072E000E0BFF /* GFHupuSportsTests.m */ = {isa = PBXFileReference; lastKnownFileType = sourcecode.c.objc; path = GFHupuSportsTests.m; sourceTree = "<group>"; };
		4B05C5901BE9072E000E0BFF /* Info.plist */ = {isa = PBXFileReference; lastKnownFileType = text.plist.xml; path = Info.plist; sourceTree = "<group>"; };
		4B05C5951BE9072E000E0BFF /* GFHupuSportsUITests.xctest */ = {isa = PBXFileReference; explicitFileType = wrapper.cfbundle; includeInIndex = 0; path = GFHupuSportsUITests.xctest; sourceTree = BUILT_PRODUCTS_DIR; };
		4B05C5991BE9072E000E0BFF /* GFHupuSportsUITests.m */ = {isa = PBXFileReference; lastKnownFileType = sourcecode.c.objc; path = GFHupuSportsUITests.m; sourceTree = "<group>"; };
		4B05C59B1BE9072E000E0BFF /* Info.plist */ = {isa = PBXFileReference; lastKnownFileType = text.plist.xml; path = Info.plist; sourceTree = "<group>"; };
		4B05C5BE1BE90E67000E0BFF /* GFTabBarController.h */ = {isa = PBXFileReference; fileEncoding = 4; lastKnownFileType = sourcecode.c.h; path = GFTabBarController.h; sourceTree = "<group>"; };
		4B05C5BF1BE90E67000E0BFF /* GFTabBarController.m */ = {isa = PBXFileReference; fileEncoding = 4; lastKnownFileType = sourcecode.c.objc; path = GFTabBarController.m; sourceTree = "<group>"; };
		4B05C5C11BE91071000E0BFF /* GFNavigationController.h */ = {isa = PBXFileReference; fileEncoding = 4; lastKnownFileType = sourcecode.c.h; path = GFNavigationController.h; sourceTree = "<group>"; };
		4B05C5C21BE91071000E0BFF /* GFNavigationController.m */ = {isa = PBXFileReference; fileEncoding = 4; lastKnownFileType = sourcecode.c.objc; path = GFNavigationController.m; sourceTree = "<group>"; };
		4B05C5C41BE910E2000E0BFF /* GFDiscoverViewController.h */ = {isa = PBXFileReference; fileEncoding = 4; lastKnownFileType = sourcecode.c.h; path = GFDiscoverViewController.h; sourceTree = "<group>"; };
		4B05C5C51BE910E2000E0BFF /* GFDiscoverViewController.m */ = {isa = PBXFileReference; fileEncoding = 4; lastKnownFileType = sourcecode.c.objc; path = GFDiscoverViewController.m; sourceTree = "<group>"; };
		4B05C5C71BE910F5000E0BFF /* GFBBSViewController.h */ = {isa = PBXFileReference; fileEncoding = 4; lastKnownFileType = sourcecode.c.h; path = GFBBSViewController.h; sourceTree = "<group>"; };
		4B05C5C81BE910F5000E0BFF /* GFBBSViewController.m */ = {isa = PBXFileReference; fileEncoding = 4; lastKnownFileType = sourcecode.c.objc; path = GFBBSViewController.m; sourceTree = "<group>"; };
		4B05C5CA1BE9110E000E0BFF /* GFNewsViewController.h */ = {isa = PBXFileReference; fileEncoding = 4; lastKnownFileType = sourcecode.c.h; path = GFNewsViewController.h; sourceTree = "<group>"; };
		4B05C5CB1BE9110E000E0BFF /* GFNewsViewController.m */ = {isa = PBXFileReference; fileEncoding = 4; lastKnownFileType = sourcecode.c.objc; path = GFNewsViewController.m; sourceTree = "<group>"; };
		4B05C5CD1BE91137000E0BFF /* GFGameViewController.h */ = {isa = PBXFileReference; fileEncoding = 4; lastKnownFileType = sourcecode.c.h; path = GFGameViewController.h; sourceTree = "<group>"; };
		4B05C5CE1BE91137000E0BFF /* GFGameViewController.m */ = {isa = PBXFileReference; fileEncoding = 4; lastKnownFileType = sourcecode.c.objc; path = GFGameViewController.m; sourceTree = "<group>"; };
		4B05C5D01BE91193000E0BFF /* GFProfileViewController.h */ = {isa = PBXFileReference; fileEncoding = 4; lastKnownFileType = sourcecode.c.h; path = GFProfileViewController.h; sourceTree = "<group>"; };
		4B05C5D11BE91193000E0BFF /* GFProfileViewController.m */ = {isa = PBXFileReference; fileEncoding = 4; lastKnownFileType = sourcecode.c.objc; path = GFProfileViewController.m; sourceTree = "<group>"; };
		4B05C5D31BE911ED000E0BFF /* Profile.storyboard */ = {isa = PBXFileReference; fileEncoding = 4; lastKnownFileType = file.storyboard; path = Profile.storyboard; sourceTree = "<group>"; };
		4B05C5D51BE91254000E0BFF /* Discover.storyboard */ = {isa = PBXFileReference; fileEncoding = 4; lastKnownFileType = file.storyboard; path = Discover.storyboard; sourceTree = "<group>"; };
		4B05C5D71BE9128B000E0BFF /* BBS.storyboard */ = {isa = PBXFileReference; fileEncoding = 4; lastKnownFileType = file.storyboard; path = BBS.storyboard; sourceTree = "<group>"; };
		4B05C5D91BE91298000E0BFF /* News.storyboard */ = {isa = PBXFileReference; fileEncoding = 4; lastKnownFileType = file.storyboard; path = News.storyboard; sourceTree = "<group>"; };
		4B05C5DB1BE912D3000E0BFF /* Game.storyboard */ = {isa = PBXFileReference; fileEncoding = 4; lastKnownFileType = file.storyboard; path = Game.storyboard; sourceTree = "<group>"; };
/* End PBXFileReference section */

/* Begin PBXFrameworksBuildPhase section */
		4B05C56E1BE9072E000E0BFF /* Frameworks */ = {
			isa = PBXFrameworksBuildPhase;
			buildActionMask = 2147483647;
			files = (
			);
			runOnlyForDeploymentPostprocessing = 0;
		};
		4B05C5871BE9072E000E0BFF /* Frameworks */ = {
			isa = PBXFrameworksBuildPhase;
			buildActionMask = 2147483647;
			files = (
			);
			runOnlyForDeploymentPostprocessing = 0;
		};
		4B05C5921BE9072E000E0BFF /* Frameworks */ = {
			isa = PBXFrameworksBuildPhase;
			buildActionMask = 2147483647;
			files = (
			);
			runOnlyForDeploymentPostprocessing = 0;
		};
/* End PBXFrameworksBuildPhase section */

/* Begin PBXGroup section */
		4B05C5681BE9072E000E0BFF = {
			isa = PBXGroup;
			children = (
				4B05C5731BE9072E000E0BFF /* GFHupuSports */,
				4B05C58D1BE9072E000E0BFF /* GFHupuSportsTests */,
				4B05C5981BE9072E000E0BFF /* GFHupuSportsUITests */,
				4B05C5721BE9072E000E0BFF /* Products */,
			);
			sourceTree = "<group>";
		};
		4B05C5721BE9072E000E0BFF /* Products */ = {
			isa = PBXGroup;
			children = (
				4B05C5711BE9072E000E0BFF /* GFHupuSports.app */,
				4B05C58A1BE9072E000E0BFF /* GFHupuSportsTests.xctest */,
				4B05C5951BE9072E000E0BFF /* GFHupuSportsUITests.xctest */,
			);
			name = Products;
			sourceTree = "<group>";
		};
		4B05C5731BE9072E000E0BFF /* GFHupuSports */ = {
			isa = PBXGroup;
			children = (
				4B05C5BD1BE90A2A000E0BFF /* Resource */,
				4B05C5BC1BE90A11000E0BFF /* Tool */,
				4B05C5AC1BE9089E000E0BFF /* Profile */,
				4B05C5AB1BE9088F000E0BFF /* Discover */,
				4B05C5AA1BE90845000E0BFF /* BBS */,
				4B05C5A91BE90839000E0BFF /* News */,
				4B05C5A81BE90822000E0BFF /* Game */,
				4B05C5A71BE907A7000E0BFF /* Main */,
				4B05C5801BE9072E000E0BFF /* Assets.xcassets */,
				4B05C5741BE9072E000E0BFF /* Supporting Files */,
			);
			path = GFHupuSports;
			sourceTree = "<group>";
		};
		4B05C5741BE9072E000E0BFF /* Supporting Files */ = {
			isa = PBXGroup;
			children = (
				4B05C5751BE9072E000E0BFF /* main.m */,
			);
			name = "Supporting Files";
			sourceTree = "<group>";
		};
		4B05C58D1BE9072E000E0BFF /* GFHupuSportsTests */ = {
			isa = PBXGroup;
			children = (
				4B05C58E1BE9072E000E0BFF /* GFHupuSportsTests.m */,
				4B05C5901BE9072E000E0BFF /* Info.plist */,
			);
			path = GFHupuSportsTests;
			sourceTree = "<group>";
		};
		4B05C5981BE9072E000E0BFF /* GFHupuSportsUITests */ = {
			isa = PBXGroup;
			children = (
				4B05C5991BE9072E000E0BFF /* GFHupuSportsUITests.m */,
				4B05C59B1BE9072E000E0BFF /* Info.plist */,
			);
			path = GFHupuSportsUITests;
			sourceTree = "<group>";
		};
		4B05C5A71BE907A7000E0BFF /* Main */ = {
			isa = PBXGroup;
			children = (
				4B05C5821BE9072E000E0BFF /* LaunchScreen.storyboard */,
				4B05C5851BE9072E000E0BFF /* Info.plist */,
				4B05C5771BE9072E000E0BFF /* AppDelegate.h */,
				4B05C5781BE9072E000E0BFF /* AppDelegate.m */,
				4B05C5BE1BE90E67000E0BFF /* GFTabBarController.h */,
				4B05C5BF1BE90E67000E0BFF /* GFTabBarController.m */,
				4B05C5C11BE91071000E0BFF /* GFNavigationController.h */,
				4B05C5C21BE91071000E0BFF /* GFNavigationController.m */,
			);
			name = Main;
			sourceTree = "<group>";
		};
		4B05C5A81BE90822000E0BFF /* Game */ = {
			isa = PBXGroup;
			children = (
				4B05C5BB1BE909F9000E0BFF /* Controller */,
				4B05C5BA1BE909F1000E0BFF /* View */,
				4B05C5B91BE909E5000E0BFF /* Model */,
			);
			name = Game;
			sourceTree = "<group>";
		};
		4B05C5A91BE90839000E0BFF /* News */ = {
			isa = PBXGroup;
			children = (
				4B05C5B81BE9097C000E0BFF /* Model */,
				4B05C5B71BE90974000E0BFF /* View */,
				4B05C5B61BE90969000E0BFF /* Controller */,
			);
			name = News;
			sourceTree = "<group>";
		};
		4B05C5AA1BE90845000E0BFF /* BBS */ = {
			isa = PBXGroup;
			children = (
				4B05C5B51BE90913000E0BFF /* Model */,
				4B05C5B41BE9090B000E0BFF /* Controller */,
				4B05C5B31BE90903000E0BFF /* View */,
			);
			name = BBS;
			sourceTree = "<group>";
		};
		4B05C5AB1BE9088F000E0BFF /* Discover */ = {
			isa = PBXGroup;
			children = (
				4B05C5B21BE908FB000E0BFF /* View */,
				4B05C5B11BE908F2000E0BFF /* Controller */,
				4B05C5B01BE908E7000E0BFF /* Model */,
			);
			name = Discover;
			sourceTree = "<group>";
		};
		4B05C5AC1BE9089E000E0BFF /* Profile */ = {
			isa = PBXGroup;
			children = (
				4B05C5AF1BE908B6000E0BFF /* Model */,
				4B05C5AE1BE908B0000E0BFF /* View */,
				4B05C5AD1BE908A7000E0BFF /* Controller */,
			);
			name = Profile;
			sourceTree = "<group>";
		};
		4B05C5AD1BE908A7000E0BFF /* Controller */ = {
			isa = PBXGroup;
			children = (
				4B05C5D01BE91193000E0BFF /* GFProfileViewController.h */,
				4B05C5D11BE91193000E0BFF /* GFProfileViewController.m */,
			);
			name = Controller;
			sourceTree = "<group>";
		};
		4B05C5AE1BE908B0000E0BFF /* View */ = {
			isa = PBXGroup;
			children = (
				4B05C5D31BE911ED000E0BFF /* Profile.storyboard */,
			);
			name = View;
			sourceTree = "<group>";
		};
		4B05C5AF1BE908B6000E0BFF /* Model */ = {
			isa = PBXGroup;
			children = (
			);
			name = Model;
			sourceTree = "<group>";
		};
		4B05C5B01BE908E7000E0BFF /* Model */ = {
			isa = PBXGroup;
			children = (
			);
			name = Model;
			sourceTree = "<group>";
		};
		4B05C5B11BE908F2000E0BFF /* Controller */ = {
			isa = PBXGroup;
			children = (
				4B05C5C41BE910E2000E0BFF /* GFDiscoverViewController.h */,
				4B05C5C51BE910E2000E0BFF /* GFDiscoverViewController.m */,
			);
			name = Controller;
			sourceTree = "<group>";
		};
		4B05C5B21BE908FB000E0BFF /* View */ = {
			isa = PBXGroup;
			children = (
				4B05C5D51BE91254000E0BFF /* Discover.storyboard */,
			);
			name = View;
			sourceTree = "<group>";
		};
		4B05C5B31BE90903000E0BFF /* View */ = {
			isa = PBXGroup;
			children = (
				4B05C5D71BE9128B000E0BFF /* BBS.storyboard */,
			);
			name = View;
			sourceTree = "<group>";
		};
		4B05C5B41BE9090B000E0BFF /* Controller */ = {
			isa = PBXGroup;
			children = (
				4B05C5C71BE910F5000E0BFF /* GFBBSViewController.h */,
				4B05C5C81BE910F5000E0BFF /* GFBBSViewController.m */,
			);
			name = Controller;
			sourceTree = "<group>";
		};
		4B05C5B51BE90913000E0BFF /* Model */ = {
			isa = PBXGroup;
			children = (
			);
			name = Model;
			sourceTree = "<group>";
		};
		4B05C5B61BE90969000E0BFF /* Controller */ = {
			isa = PBXGroup;
			children = (
				4B05C5CA1BE9110E000E0BFF /* GFNewsViewController.h */,
				4B05C5CB1BE9110E000E0BFF /* GFNewsViewController.m */,
			);
			name = Controller;
			sourceTree = "<group>";
		};
		4B05C5B71BE90974000E0BFF /* View */ = {
			isa = PBXGroup;
			children = (
				4B05C5D91BE91298000E0BFF /* News.storyboard */,
			);
			name = View;
			sourceTree = "<group>";
		};
		4B05C5B81BE9097C000E0BFF /* Model */ = {
			isa = PBXGroup;
			children = (
			);
			name = Model;
			sourceTree = "<group>";
		};
		4B05C5B91BE909E5000E0BFF /* Model */ = {
			isa = PBXGroup;
			children = (
			);
			name = Model;
			sourceTree = "<group>";
		};
		4B05C5BA1BE909F1000E0BFF /* View */ = {
			isa = PBXGroup;
			children = (
				4B05C5DB1BE912D3000E0BFF /* Game.storyboard */,
			);
			name = View;
			sourceTree = "<group>";
		};
		4B05C5BB1BE909F9000E0BFF /* Controller */ = {
			isa = PBXGroup;
			children = (
				4B05C5CD1BE91137000E0BFF /* GFGameViewController.h */,
				4B05C5CE1BE91137000E0BFF /* GFGameViewController.m */,
			);
			name = Controller;
			sourceTree = "<group>";
		};
		4B05C5BC1BE90A11000E0BFF /* Tool */ = {
			isa = PBXGroup;
			children = (
			);
			name = Tool;
			sourceTree = "<group>";
		};
		4B05C5BD1BE90A2A000E0BFF /* Resource */ = {
			isa = PBXGroup;
			children = (
			);
			name = Resource;
			sourceTree = "<group>";
		};
/* End PBXGroup section */

/* Begin PBXNativeTarget section */
		4B05C5701BE9072E000E0BFF /* GFHupuSports */ = {
			isa = PBXNativeTarget;
			buildConfigurationList = 4B05C59E1BE9072E000E0BFF /* Build configuration list for PBXNativeTarget "GFHupuSports" */;
			buildPhases = (
				4B05C56D1BE9072E000E0BFF /* Sources */,
				4B05C56E1BE9072E000E0BFF /* Frameworks */,
				4B05C56F1BE9072E000E0BFF /* Resources */,
			);
			buildRules = (
			);
			dependencies = (
			);
			name = GFHupuSports;
			productName = GFHupuSports;
			productReference = 4B05C5711BE9072E000E0BFF /* GFHupuSports.app */;
			productType = "com.apple.product-type.application";
		};
		4B05C5891BE9072E000E0BFF /* GFHupuSportsTests */ = {
			isa = PBXNativeTarget;
			buildConfigurationList = 4B05C5A11BE9072E000E0BFF /* Build configuration list for PBXNativeTarget "GFHupuSportsTests" */;
			buildPhases = (
				4B05C5861BE9072E000E0BFF /* Sources */,
				4B05C5871BE9072E000E0BFF /* Frameworks */,
				4B05C5881BE9072E000E0BFF /* Resources */,
			);
			buildRules = (
			);
			dependencies = (
				4B05C58C1BE9072E000E0BFF /* PBXTargetDependency */,
			);
			name = GFHupuSportsTests;
			productName = GFHupuSportsTests;
			productReference = 4B05C58A1BE9072E000E0BFF /* GFHupuSportsTests.xctest */;
			productType = "com.apple.product-type.bundle.unit-test";
		};
		4B05C5941BE9072E000E0BFF /* GFHupuSportsUITests */ = {
			isa = PBXNativeTarget;
			buildConfigurationList = 4B05C5A41BE9072E000E0BFF /* Build configuration list for PBXNativeTarget "GFHupuSportsUITests" */;
			buildPhases = (
				4B05C5911BE9072E000E0BFF /* Sources */,
				4B05C5921BE9072E000E0BFF /* Frameworks */,
				4B05C5931BE9072E000E0BFF /* Resources */,
			);
			buildRules = (
			);
			dependencies = (
				4B05C5971BE9072E000E0BFF /* PBXTargetDependency */,
			);
			name = GFHupuSportsUITests;
			productName = GFHupuSportsUITests;
			productReference = 4B05C5951BE9072E000E0BFF /* GFHupuSportsUITests.xctest */;
			productType = "com.apple.product-type.bundle.ui-testing";
		};
/* End PBXNativeTarget section */

/* Begin PBXProject section */
		4B05C5691BE9072E000E0BFF /* Project object */ = {
			isa = PBXProject;
			attributes = {
				LastUpgradeCheck = 0710;
				ORGANIZATIONNAME = wanggf;
				TargetAttributes = {
					4B05C5701BE9072E000E0BFF = {
						CreatedOnToolsVersion = 7.1;
					};
					4B05C5891BE9072E000E0BFF = {
						CreatedOnToolsVersion = 7.1;
						TestTargetID = 4B05C5701BE9072E000E0BFF;
					};
					4B05C5941BE9072E000E0BFF = {
						CreatedOnToolsVersion = 7.1;
						TestTargetID = 4B05C5701BE9072E000E0BFF;
					};
				};
			};
			buildConfigurationList = 4B05C56C1BE9072E000E0BFF /* Build configuration list for PBXProject "GFHupuSports" */;
			compatibilityVersion = "Xcode 3.2";
			developmentRegion = English;
			hasScannedForEncodings = 0;
			knownRegions = (
				en,
				Base,
			);
			mainGroup = 4B05C5681BE9072E000E0BFF;
			productRefGroup = 4B05C5721BE9072E000E0BFF /* Products */;
			projectDirPath = "";
			projectRoot = "";
			targets = (
				4B05C5701BE9072E000E0BFF /* GFHupuSports */,
				4B05C5891BE9072E000E0BFF /* GFHupuSportsTests */,
				4B05C5941BE9072E000E0BFF /* GFHupuSportsUITests */,
			);
		};
/* End PBXProject section */

/* Begin PBXResourcesBuildPhase section */
		4B05C56F1BE9072E000E0BFF /* Resources */ = {
			isa = PBXResourcesBuildPhase;
			buildActionMask = 2147483647;
			files = (
				4B05C5841BE9072E000E0BFF /* LaunchScreen.storyboard in Resources */,
				4B05C5D41BE911ED000E0BFF /* Profile.storyboard in Resources */,
				4B05C5DA1BE91298000E0BFF /* News.storyboard in Resources */,
				4B05C5D61BE91254000E0BFF /* Discover.storyboard in Resources */,
				4B05C5811BE9072E000E0BFF /* Assets.xcassets in Resources */,
				4B05C5D81BE9128B000E0BFF /* BBS.storyboard in Resources */,
				4B05C5DC1BE912D3000E0BFF /* Game.storyboard in Resources */,
			);
			runOnlyForDeploymentPostprocessing = 0;
		};
		4B05C5881BE9072E000E0BFF /* Resources */ = {
			isa = PBXResourcesBuildPhase;
			buildActionMask = 2147483647;
			files = (
			);
			runOnlyForDeploymentPostprocessing = 0;
		};
		4B05C5931BE9072E000E0BFF /* Resources */ = {
			isa = PBXResourcesBuildPhase;
			buildActionMask = 2147483647;
			files = (
			);
			runOnlyForDeploymentPostprocessing = 0;
		};
/* End PBXResourcesBuildPhase section */

/* Begin PBXSourcesBuildPhase section */
		4B05C56D1BE9072E000E0BFF /* Sources */ = {
			isa = PBXSourcesBuildPhase;
			buildActionMask = 2147483647;
			files = (
				4B05C5C01BE90E67000E0BFF /* GFTabBarController.m in Sources */,
				4B05C5CC1BE9110E000E0BFF /* GFNewsViewController.m in Sources */,
				4B05C5D21BE91193000E0BFF /* GFProfileViewController.m in Sources */,
				4B05C5C31BE91071000E0BFF /* GFNavigationController.m in Sources */,
				4B05C5CF1BE91137000E0BFF /* GFGameViewController.m in Sources */,
				4B05C5791BE9072E000E0BFF /* AppDelegate.m in Sources */,
				4B05C5C61BE910E2000E0BFF /* GFDiscoverViewController.m in Sources */,
				4B05C5761BE9072E000E0BFF /* main.m in Sources */,
				4B05C5C91BE910F5000E0BFF /* GFBBSViewController.m in Sources */,
			);
			runOnlyForDeploymentPostprocessing = 0;
		};
		4B05C5861BE9072E000E0BFF /* Sources */ = {
			isa = PBXSourcesBuildPhase;
			buildActionMask = 2147483647;
			files = (
				4B05C58F1BE9072E000E0BFF /* GFHupuSportsTests.m in Sources */,
			);
			runOnlyForDeploymentPostprocessing = 0;
		};
		4B05C5911BE9072E000E0BFF /* Sources */ = {
			isa = PBXSourcesBuildPhase;
			buildActionMask = 2147483647;
			files = (
				4B05C59A1BE9072E000E0BFF /* GFHupuSportsUITests.m in Sources */,
			);
			runOnlyForDeploymentPostprocessing = 0;
		};
/* End PBXSourcesBuildPhase section */

/* Begin PBXTargetDependency section */
		4B05C58C1BE9072E000E0BFF /* PBXTargetDependency */ = {
			isa = PBXTargetDependency;
			target = 4B05C5701BE9072E000E0BFF /* GFHupuSports */;
			targetProxy = 4B05C58B1BE9072E000E0BFF /* PBXContainerItemProxy */;
		};
		4B05C5971BE9072E000E0BFF /* PBXTargetDependency */ = {
			isa = PBXTargetDependency;
			target = 4B05C5701BE9072E000E0BFF /* GFHupuSports */;
			targetProxy = 4B05C5961BE9072E000E0BFF /* PBXContainerItemProxy */;
		};
/* End PBXTargetDependency section */

/* Begin PBXVariantGroup section */
		4B05C5821BE9072E000E0BFF /* LaunchScreen.storyboard */ = {
			isa = PBXVariantGroup;
			children = (
				4B05C5831BE9072E000E0BFF /* Base */,
			);
			name = LaunchScreen.storyboard;
			sourceTree = "<group>";
		};
/* End PBXVariantGroup section */

/* Begin XCBuildConfiguration section */
		4B05C59C1BE9072E000E0BFF /* Debug */ = {
			isa = XCBuildConfiguration;
			buildSettings = {
				ALWAYS_SEARCH_USER_PATHS = NO;
				CLANG_CXX_LANGUAGE_STANDARD = "gnu++0x";
				CLANG_CXX_LIBRARY = "libc++";
				CLANG_ENABLE_MODULES = YES;
				CLANG_ENABLE_OBJC_ARC = YES;
				CLANG_WARN_BOOL_CONVERSION = YES;
				CLANG_WARN_CONSTANT_CONVERSION = YES;
				CLANG_WARN_DIRECT_OBJC_ISA_USAGE = YES_ERROR;
				CLANG_WARN_EMPTY_BODY = YES;
				CLANG_WARN_ENUM_CONVERSION = YES;
				CLANG_WARN_INT_CONVERSION = YES;
				CLANG_WARN_OBJC_ROOT_CLASS = YES_ERROR;
				CLANG_WARN_UNREACHABLE_CODE = YES;
				CLANG_WARN__DUPLICATE_METHOD_MATCH = YES;
				"CODE_SIGN_IDENTITY[sdk=iphoneos*]" = "iPhone Developer";
				COPY_PHASE_STRIP = NO;
				DEBUG_INFORMATION_FORMAT = dwarf;
				ENABLE_STRICT_OBJC_MSGSEND = YES;
				ENABLE_TESTABILITY = YES;
				GCC_C_LANGUAGE_STANDARD = gnu99;
				GCC_DYNAMIC_NO_PIC = NO;
				GCC_NO_COMMON_BLOCKS = YES;
				GCC_OPTIMIZATION_LEVEL = 0;
				GCC_PREPROCESSOR_DEFINITIONS = (
					"DEBUG=1",
					"$(inherited)",
				);
				GCC_WARN_64_TO_32_BIT_CONVERSION = YES;
				GCC_WARN_ABOUT_RETURN_TYPE = YES_ERROR;
				GCC_WARN_UNDECLARED_SELECTOR = YES;
				GCC_WARN_UNINITIALIZED_AUTOS = YES_AGGRESSIVE;
				GCC_WARN_UNUSED_FUNCTION = YES;
				GCC_WARN_UNUSED_VARIABLE = YES;
				IPHONEOS_DEPLOYMENT_TARGET = 9.1;
				MTL_ENABLE_DEBUG_INFO = YES;
				ONLY_ACTIVE_ARCH = YES;
				SDKROOT = iphoneos;
			};
			name = Debug;
		};
		4B05C59D1BE9072E000E0BFF /* Release */ = {
			isa = XCBuildConfiguration;
			buildSettings = {
				ALWAYS_SEARCH_USER_PATHS = NO;
				CLANG_CXX_LANGUAGE_STANDARD = "gnu++0x";
				CLANG_CXX_LIBRARY = "libc++";
				CLANG_ENABLE_MODULES = YES;
				CLANG_ENABLE_OBJC_ARC = YES;
				CLANG_WARN_BOOL_CONVERSION = YES;
				CLANG_WARN_CONSTANT_CONVERSION = YES;
				CLANG_WARN_DIRECT_OBJC_ISA_USAGE = YES_ERROR;
				CLANG_WARN_EMPTY_BODY = YES;
				CLANG_WARN_ENUM_CONVERSION = YES;
				CLANG_WARN_INT_CONVERSION = YES;
				CLANG_WARN_OBJC_ROOT_CLASS = YES_ERROR;
				CLANG_WARN_UNREACHABLE_CODE = YES;
				CLANG_WARN__DUPLICATE_METHOD_MATCH = YES;
				"CODE_SIGN_IDENTITY[sdk=iphoneos*]" = "iPhone Developer";
				COPY_PHASE_STRIP = NO;
				DEBUG_INFORMATION_FORMAT = "dwarf-with-dsym";
				ENABLE_NS_ASSERTIONS = NO;
				ENABLE_STRICT_OBJC_MSGSEND = YES;
				GCC_C_LANGUAGE_STANDARD = gnu99;
				GCC_NO_COMMON_BLOCKS = YES;
				GCC_WARN_64_TO_32_BIT_CONVERSION = YES;
				GCC_WARN_ABOUT_RETURN_TYPE = YES_ERROR;
				GCC_WARN_UNDECLARED_SELECTOR = YES;
				GCC_WARN_UNINITIALIZED_AUTOS = YES_AGGRESSIVE;
				GCC_WARN_UNUSED_FUNCTION = YES;
				GCC_WARN_UNUSED_VARIABLE = YES;
				IPHONEOS_DEPLOYMENT_TARGET = 9.1;
				MTL_ENABLE_DEBUG_INFO = NO;
				SDKROOT = iphoneos;
				VALIDATE_PRODUCT = YES;
			};
			name = Release;
		};
		4B05C59F1BE9072E000E0BFF /* Debug */ = {
			isa = XCBuildConfiguration;
			buildSettings = {
				ASSETCATALOG_COMPILER_APPICON_NAME = AppIcon;
				INFOPLIST_FILE = GFHupuSports/Info.plist;
				LD_RUNPATH_SEARCH_PATHS = "$(inherited) @executable_path/Frameworks";
				PRODUCT_BUNDLE_IDENTIFIER = com.huaban.GFHupuSports;
				PRODUCT_NAME = "$(TARGET_NAME)";
			};
			name = Debug;
		};
		4B05C5A01BE9072E000E0BFF /* Release */ = {
			isa = XCBuildConfiguration;
			buildSettings = {
				ASSETCATALOG_COMPILER_APPICON_NAME = AppIcon;
				INFOPLIST_FILE = GFHupuSports/Info.plist;
				LD_RUNPATH_SEARCH_PATHS = "$(inherited) @executable_path/Frameworks";
				PRODUCT_BUNDLE_IDENTIFIER = com.huaban.GFHupuSports;
				PRODUCT_NAME = "$(TARGET_NAME)";
			};
			name = Release;
		};
		4B05C5A21BE9072E000E0BFF /* Debug */ = {
			isa = XCBuildConfiguration;
			buildSettings = {
				BUNDLE_LOADER = "$(TEST_HOST)";
				INFOPLIST_FILE = GFHupuSportsTests/Info.plist;
				LD_RUNPATH_SEARCH_PATHS = "$(inherited) @executable_path/Frameworks @loader_path/Frameworks";
				PRODUCT_BUNDLE_IDENTIFIER = com.huaban.GFHupuSportsTests;
				PRODUCT_NAME = "$(TARGET_NAME)";
				TEST_HOST = "$(BUILT_PRODUCTS_DIR)/GFHupuSports.app/GFHupuSports";
			};
			name = Debug;
		};
		4B05C5A31BE9072E000E0BFF /* Release */ = {
			isa = XCBuildConfiguration;
			buildSettings = {
				BUNDLE_LOADER = "$(TEST_HOST)";
				INFOPLIST_FILE = GFHupuSportsTests/Info.plist;
				LD_RUNPATH_SEARCH_PATHS = "$(inherited) @executable_path/Frameworks @loader_path/Frameworks";
				PRODUCT_BUNDLE_IDENTIFIER = com.huaban.GFHupuSportsTests;
				PRODUCT_NAME = "$(TARGET_NAME)";
				TEST_HOST = "$(BUILT_PRODUCTS_DIR)/GFHupuSports.app/GFHupuSports";
			};
			name = Release;
		};
		4B05C5A51BE9072E000E0BFF /* Debug */ = {
			isa = XCBuildConfiguration;
			buildSettings = {
				INFOPLIST_FILE = GFHupuSportsUITests/Info.plist;
				LD_RUNPATH_SEARCH_PATHS = "$(inherited) @executable_path/Frameworks @loader_path/Frameworks";
				PRODUCT_BUNDLE_IDENTIFIER = com.huaban.GFHupuSportsUITests;
				PRODUCT_NAME = "$(TARGET_NAME)";
				TEST_TARGET_NAME = GFHupuSports;
				USES_XCTRUNNER = YES;
			};
			name = Debug;
		};
		4B05C5A61BE9072E000E0BFF /* Release */ = {
			isa = XCBuildConfiguration;
			buildSettings = {
				INFOPLIST_FILE = GFHupuSportsUITests/Info.plist;
				LD_RUNPATH_SEARCH_PATHS = "$(inherited) @executable_path/Frameworks @loader_path/Frameworks";
				PRODUCT_BUNDLE_IDENTIFIER = com.huaban.GFHupuSportsUITests;
				PRODUCT_NAME = "$(TARGET_NAME)";
				TEST_TARGET_NAME = GFHupuSports;
				USES_XCTRUNNER = YES;
			};
			name = Release;
		};
/* End XCBuildConfiguration section */

/* Begin XCConfigurationList section */
		4B05C56C1BE9072E000E0BFF /* Build configuration list for PBXProject "GFHupuSports" */ = {
			isa = XCConfigurationList;
			buildConfigurations = (
				4B05C59C1BE9072E000E0BFF /* Debug */,
				4B05C59D1BE9072E000E0BFF /* Release */,
			);
			defaultConfigurationIsVisible = 0;
			defaultConfigurationName = Release;
		};
		4B05C59E1BE9072E000E0BFF /* Build configuration list for PBXNativeTarget "GFHupuSports" */ = {
			isa = XCConfigurationList;
			buildConfigurations = (
				4B05C59F1BE9072E000E0BFF /* Debug */,
				4B05C5A01BE9072E000E0BFF /* Release */,
			);
			defaultConfigurationIsVisible = 0;
		};
		4B05C5A11BE9072E000E0BFF /* Build configuration list for PBXNativeTarget "GFHupuSportsTests" */ = {
			isa = XCConfigurationList;
			buildConfigurations = (
				4B05C5A21BE9072E000E0BFF /* Debug */,
				4B05C5A31BE9072E000E0BFF /* Release */,
			);
			defaultConfigurationIsVisible = 0;
		};
		4B05C5A41BE9072E000E0BFF /* Build configuration list for PBXNativeTarget "GFHupuSportsUITests" */ = {
			isa = XCConfigurationList;
			buildConfigurations = (
				4B05C5A51BE9072E000E0BFF /* Debug */,
				4B05C5A61BE9072E000E0BFF /* Release */,
			);
			defaultConfigurationIsVisible = 0;
		};
/* End XCConfigurationList section */
	};
	rootObject = 4B05C5691BE9072E000E0BFF /* Project object */;
}
